
Microsoft Visual Studio Solution File, Format Version 12.00
# Visual Studio Version 16
VisualStudioVersion = 16.0.31729.503
MinimumVisualStudioVersion = 10.0.40219.1
Project("{FAE04EC0-301F-11D3-BF4B-00C04F79EFBC}") = "AmicERP", "AmicERP.csproj", "{DBD9A7B2-653A-48CC-AF24-1E699DA7CB0B}"
EndProject
Global
	GlobalSection(SolutionConfigurationPlatforms) = preSolution
		Debug|Any CPU = Debug|Any CPU
		Release|Any CPU = Release|Any CPU
	EndGlobalSection
	GlobalSection(ProjectConfigurationPlatforms) = postSolution
		{DBD9A7B2-653A-48CC-AF24-1E699DA7CB0B}.Debug|Any CPU.ActiveCfg = Debug|Any CPU
		{DBD9A7B2-653A-48CC-AF24-1E699DA7CB0B}.Debug|Any CPU.Build.0 = Debug|Any CPU
		{DBD9A7B2-653A-48CC-AF24-1E699DA7CB0B}.Release|Any CPU.ActiveCfg = Release|Any CPU
		{DBD9A7B2-653A-48CC-AF24-1E699DA7CB0B}.Release|Any CPU.Build.0 = Release|Any CPU
	EndGlobalSection
	GlobalSection(SolutionProperties) = preSolution
		HideSolutionNode = FALSE
	EndGlobalSection
	GlobalSection(ExtensibilityGlobals) = postSolution
		SolutionGuid = {557D7B0A-AA9A-4E3C-98DD-0997943E6A5E}
	EndGlobalSection
EndGlobal
